{
  "name": "twitter-account-dump",
  "version": "1.0.0",
  "lockfileVersion": 2,
  "requires": true,
  "packages": {
    "": {
      "version": "1.0.0",
      "license": "ISC",
      "dependencies": {
        "twitter-api-v2": "^1.5.2"
      }
    },
    "node_modules/twitter-api-v2": {
      "version": "1.5.2",
      "resolved": "https://registry.npmjs.org/twitter-api-v2/-/twitter-api-v2-1.5.2.tgz",
      "integrity": "sha512-kUrk9u19X4D3RFc4LH3N0bdqRq0fstM3xXerzhxRmPDjwBSyztBGWTU/McGQlGE+q7ADOpfmkvohV5Q4J3ENQw=="
    }
  },
  "dependencies": {
    "twitter-api-v2": {
      "version": "1.5.2",
      "resolved": "https://registry.npmjs.org/twitter-api-v2/-/twitter-api-v2-1.5.2.tgz",
      "integrity": "sha512-kUrk9u19X4D3RFc4LH3N0bdqRq0fstM3xXerzhxRmPDjwBSyztBGWTU/McGQlGE+q7ADOpfmkvohV5Q4J3ENQw=="
    }
  }
}
